{
  "name": "workspace",
  "version": "1.0.0",
  "lockfileVersion": 3,
  "requires": true,
  "packages": {
    "": {
      "name": "workspace",
      "version": "1.0.0",
      "license": "ISC",
      "dependencies": {
        "@11labs/react": "^0.0.4",
        "marked": "^15.0.3"
      }
    },
    "node_modules/@11labs/client": {
      "version": "0.0.4",
      "resolved": "https://registry.npmjs.org/@11labs/client/-/client-0.0.4.tgz",
      "integrity": "sha512-BldXyZsTtiS8Db3RTDxuk1B+Gx7pj7xxUWS5MJA3CfvKegDJeX979l3s3ZJ4StBLM2VaOTf3b2c5NUTy41a3nQ==",
      "license": "MIT"
    },
    "node_modules/@11labs/react": {
      "version": "0.0.4",
      "resolved": "https://registry.npmjs.org/@11labs/react/-/react-0.0.4.tgz",
      "integrity": "sha512-ZXkAfB3+BAb78Q3N8gM5NVk/RLpi8WCpZBYRzj+wquXw3CkIIzvdL5S3sieMqtDccdWLV3Wn4MC273RHdAdUUQ==",
      "license": "MIT",
      "dependencies": {
        "@11labs/client": "0.0.4"
      },
      "peerDependencies": {
        "react": ">=16.8.0"
      }
    },
    "node_modules/marked": {
      "version": "15.0.3",
      "resolved": "https://registry.npmjs.org/marked/-/marked-15.0.3.tgz",
      "integrity": "sha512-Ai0cepvl2NHnTcO9jYDtcOEtVBNVYR31XnEA3BndO7f5As1wzpcOceSUM8FDkNLJNIODcLpDTWay/qQhqbuMvg==",
      "license": "MIT",
      "bin": {
        "marked": "bin/marked.js"
      },
      "engines": {
        "node": ">= 18"
      }
    },
    "node_modules/react": {
      "version": "19.0.0",
      "resolved": "https://registry.npmjs.org/react/-/react-19.0.0.tgz",
      "integrity": "sha512-V8AVnmPIICiWpGfm6GLzCR/W5FXLchHop40W4nXBmdlEceh16rCN8O8LNWm5bh5XUX91fh7KpA+W0TgMKmgTpQ==",
      "license": "MIT",
      "peer": true,
      "engines": {
        "node": ">=0.10.0"
      }
    }
  }
}
